
Microsoft Visual Studio Solution File, Format Version 12.00
# Visual Studio Version 17
VisualStudioVersion = 17.5.33627.172
MinimumVisualStudioVersion = 10.0.40219.1
Project("{9A19103F-16F7-4668-BE54-9A1E7A4F7556}") = "BookSalesMVCUI", "BookSalesApp\BookSalesMVCUI.csproj", "{9CCF4B82-A389-494C-84A1-09A38F2F2361}"
EndProject
Project("{FAE04EC0-301F-11D3-BF4B-00C04F79EFBC}") = "BookSalesCore", "BookSalesCore\BookSalesCore.csproj", "{5FD6274E-FCA7-469C-AEAC-199510787648}"
EndProject
Project("{FAE04EC0-301F-11D3-BF4B-00C04F79EFBC}") = "BookSalesData", "BookSalesData\BookSalesData.csproj", "{533C93EB-EDF7-431E-8B5F-9FF39F72A445}"
EndProject
Project("{FAE04EC0-301F-11D3-BF4B-00C04F79EFBC}") = "BookSalesService", "BookSalesService\BookSalesService.csproj", "{94A5447E-7753-40E6-8FF6-1B3A80FA677D}"
EndProject
Global
	GlobalSection(SolutionConfigurationPlatforms) = preSolution
		Debug|Any CPU = Debug|Any CPU
		Release|Any CPU = Release|Any CPU
	EndGlobalSection
	GlobalSection(ProjectConfigurationPlatforms) = postSolution
		{9CCF4B82-A389-494C-84A1-09A38F2F2361}.Debug|Any CPU.ActiveCfg = Debug|Any CPU
		{9CCF4B82-A389-494C-84A1-09A38F2F2361}.Debug|Any CPU.Build.0 = Debug|Any CPU
		{9CCF4B82-A389-494C-84A1-09A38F2F2361}.Release|Any CPU.ActiveCfg = Release|Any CPU
		{9CCF4B82-A389-494C-84A1-09A38F2F2361}.Release|Any CPU.Build.0 = Release|Any CPU
		{5FD6274E-FCA7-469C-AEAC-199510787648}.Debug|Any CPU.ActiveCfg = Debug|Any CPU
		{5FD6274E-FCA7-469C-AEAC-199510787648}.Debug|Any CPU.Build.0 = Debug|Any CPU
		{5FD6274E-FCA7-469C-AEAC-199510787648}.Release|Any CPU.ActiveCfg = Release|Any CPU
		{5FD6274E-FCA7-469C-AEAC-199510787648}.Release|Any CPU.Build.0 = Release|Any CPU
		{533C93EB-EDF7-431E-8B5F-9FF39F72A445}.Debug|Any CPU.ActiveCfg = Debug|Any CPU
		{533C93EB-EDF7-431E-8B5F-9FF39F72A445}.Debug|Any CPU.Build.0 = Debug|Any CPU
		{533C93EB-EDF7-431E-8B5F-9FF39F72A445}.Release|Any CPU.ActiveCfg = Release|Any CPU
		{533C93EB-EDF7-431E-8B5F-9FF39F72A445}.Release|Any CPU.Build.0 = Release|Any CPU
		{94A5447E-7753-40E6-8FF6-1B3A80FA677D}.Debug|Any CPU.ActiveCfg = Debug|Any CPU
		{94A5447E-7753-40E6-8FF6-1B3A80FA677D}.Debug|Any CPU.Build.0 = Debug|Any CPU
		{94A5447E-7753-40E6-8FF6-1B3A80FA677D}.Release|Any CPU.ActiveCfg = Release|Any CPU
		{94A5447E-7753-40E6-8FF6-1B3A80FA677D}.Release|Any CPU.Build.0 = Release|Any CPU
	EndGlobalSection
	GlobalSection(SolutionProperties) = preSolution
		HideSolutionNode = FALSE
	EndGlobalSection
	GlobalSection(ExtensibilityGlobals) = postSolution
		SolutionGuid = {E2BB23BC-0D62-41C2-BEF1-1359CAD0FE0C}
	EndGlobalSection
EndGlobal
